# This file is generated by running "yarn install" inside your project.
# Manual changes might be lost - proceed with caution!

__metadata:
  version: 4

"react-speaker-board@workspace:.":
  version: 0.0.0-use.local
  resolution: "react-speaker-board@workspace:."
  languageName: unknown
  linkType: soft
